
Microsoft Visual Studio Solution File, Format Version 12.00
# Visual Studio Version 17
VisualStudioVersion = 17.6.33815.320
MinimumVisualStudioVersion = 10.0.40219.1
Project("{FAE04EC0-301F-11D3-BF4B-00C04F79EFBC}") = "search", "search.csproj", "{486C3C32-634D-4FEC-8182-140268B8182D}"
EndProject
Global
	GlobalSection(SolutionConfigurationPlatforms) = preSolution
		Debug|Any CPU = Debug|Any CPU
		Release|Any CPU = Release|Any CPU
	EndGlobalSection
	GlobalSection(ProjectConfigurationPlatforms) = postSolution
		{486C3C32-634D-4FEC-8182-140268B8182D}.Debug|Any CPU.ActiveCfg = Debug|Any CPU
		{486C3C32-634D-4FEC-8182-140268B8182D}.Debug|Any CPU.Build.0 = Debug|Any CPU
		{486C3C32-634D-4FEC-8182-140268B8182D}.Release|Any CPU.ActiveCfg = Release|Any CPU
		{486C3C32-634D-4FEC-8182-140268B8182D}.Release|Any CPU.Build.0 = Release|Any CPU
	EndGlobalSection
	GlobalSection(SolutionProperties) = preSolution
		HideSolutionNode = FALSE
	EndGlobalSection
	GlobalSection(ExtensibilityGlobals) = postSolution
		SolutionGuid = {44F97418-038B-464D-BD25-B21B53992FAF}
	EndGlobalSection
EndGlobal
